
Microsoft Visual Studio Solution File, Format Version 12.00
# Visual Studio Version 17
VisualStudioVersion = 17.2.32616.157
MinimumVisualStudioVersion = 10.0.40219.1
Project("{FAE04EC0-301F-11D3-BF4B-00C04F79EFBC}") = "Kassa", "Kassa\Kassa.csproj", "{C444E049-B048-418C-A3D6-F7A61762A320}"
EndProject
Global
	GlobalSection(SolutionConfigurationPlatforms) = preSolution
		Debug|Any CPU = Debug|Any CPU
		Release|Any CPU = Release|Any CPU
	EndGlobalSection
	GlobalSection(ProjectConfigurationPlatforms) = postSolution
		{C444E049-B048-418C-A3D6-F7A61762A320}.Debug|Any CPU.ActiveCfg = Debug|Any CPU
		{C444E049-B048-418C-A3D6-F7A61762A320}.Debug|Any CPU.Build.0 = Debug|Any CPU
		{C444E049-B048-418C-A3D6-F7A61762A320}.Release|Any CPU.ActiveCfg = Release|Any CPU
		{C444E049-B048-418C-A3D6-F7A61762A320}.Release|Any CPU.Build.0 = Release|Any CPU
	EndGlobalSection
	GlobalSection(SolutionProperties) = preSolution
		HideSolutionNode = FALSE
	EndGlobalSection
	GlobalSection(ExtensibilityGlobals) = postSolution
		SolutionGuid = {90965FD0-E8D1-4A95-926E-7525C0FFF926}
	EndGlobalSection
EndGlobal
